
Microsoft Visual Studio Solution File, Format Version 12.00
# Visual Studio 15
VisualStudioVersion = 15.0.28307.438
MinimumVisualStudioVersion = 10.0.40219.1
Project("{FAE04EC0-301F-11D3-BF4B-00C04F79EFBC}") = "PostOfficeClient", "PostOfficeClient\PostOfficeClient.csproj", "{3BC204F1-91FC-4917-8CA8-4A078389E01D}"
EndProject
Project("{FAE04EC0-301F-11D3-BF4B-00C04F79EFBC}") = "PostOfficeDataBase", "PostOfficeDataBase\PostOfficeDataBase.csproj", "{63A45D34-BC5C-4AB8-A7CC-9A82E599F150}"
EndProject
Project("{2150E333-8FDC-42A3-9474-1A3956D46DE8}") = "DB Tables Creation Scripts", "DB Tables Creation Scripts", "{3E2EA1E8-E3FB-45FD-A39A-A4E7FCAF8AF5}"
	ProjectSection(SolutionItems) = preProject
		CreateTables.sql = CreateTables.sql
	EndProjectSection
EndProject
Project("{2150E333-8FDC-42A3-9474-1A3956D46DE8}") = "Solution Items", "Solution Items", "{A5832872-02A4-49F8-829D-80CE0D5747BA}"
	ProjectSection(SolutionItems) = preProject
		data.txt = data.txt
	EndProjectSection
EndProject
Project("{FAE04EC0-301F-11D3-BF4B-00C04F79EFBC}") = "PostOfficeService", "PostOfficeService\PostOfficeService.csproj", "{2F952120-B321-4F0D-AD2F-FA3DA17F7113}"
EndProject
Global
	GlobalSection(SolutionConfigurationPlatforms) = preSolution
		Debug|Any CPU = Debug|Any CPU
		Release|Any CPU = Release|Any CPU
	EndGlobalSection
	GlobalSection(ProjectConfigurationPlatforms) = postSolution
		{3BC204F1-91FC-4917-8CA8-4A078389E01D}.Debug|Any CPU.ActiveCfg = Debug|Any CPU
		{3BC204F1-91FC-4917-8CA8-4A078389E01D}.Debug|Any CPU.Build.0 = Debug|Any CPU
		{3BC204F1-91FC-4917-8CA8-4A078389E01D}.Release|Any CPU.ActiveCfg = Release|Any CPU
		{3BC204F1-91FC-4917-8CA8-4A078389E01D}.Release|Any CPU.Build.0 = Release|Any CPU
		{63A45D34-BC5C-4AB8-A7CC-9A82E599F150}.Debug|Any CPU.ActiveCfg = Debug|Any CPU
		{63A45D34-BC5C-4AB8-A7CC-9A82E599F150}.Debug|Any CPU.Build.0 = Debug|Any CPU
		{63A45D34-BC5C-4AB8-A7CC-9A82E599F150}.Release|Any CPU.ActiveCfg = Release|Any CPU
		{63A45D34-BC5C-4AB8-A7CC-9A82E599F150}.Release|Any CPU.Build.0 = Release|Any CPU
		{2F952120-B321-4F0D-AD2F-FA3DA17F7113}.Debug|Any CPU.ActiveCfg = Debug|Any CPU
		{2F952120-B321-4F0D-AD2F-FA3DA17F7113}.Debug|Any CPU.Build.0 = Debug|Any CPU
		{2F952120-B321-4F0D-AD2F-FA3DA17F7113}.Release|Any CPU.ActiveCfg = Release|Any CPU
		{2F952120-B321-4F0D-AD2F-FA3DA17F7113}.Release|Any CPU.Build.0 = Release|Any CPU
	EndGlobalSection
	GlobalSection(SolutionProperties) = preSolution
		HideSolutionNode = FALSE
	EndGlobalSection
	GlobalSection(ExtensibilityGlobals) = postSolution
		SolutionGuid = {C4D2AA5A-8654-47A6-9CA7-E5470460CDBE}
	EndGlobalSection
EndGlobal
